
Microsoft Visual Studio Solution File, Format Version 12.00
# Visual Studio Version 17
VisualStudioVersion = 17.11.35222.181
MinimumVisualStudioVersion = 10.0.40219.1
Project("{FAE04EC0-301F-11D3-BF4B-00C04F79EFBC}") = "Menor_de_tres", "Menor_de_tres\Menor_de_tres.csproj", "{86FF9C9C-3912-4349-8B01-C213E1831187}"
EndProject
Global
	GlobalSection(SolutionConfigurationPlatforms) = preSolution
		Debug|Any CPU = Debug|Any CPU
		Release|Any CPU = Release|Any CPU
	EndGlobalSection
	GlobalSection(ProjectConfigurationPlatforms) = postSolution
		{86FF9C9C-3912-4349-8B01-C213E1831187}.Debug|Any CPU.ActiveCfg = Debug|Any CPU
		{86FF9C9C-3912-4349-8B01-C213E1831187}.Debug|Any CPU.Build.0 = Debug|Any CPU
		{86FF9C9C-3912-4349-8B01-C213E1831187}.Release|Any CPU.ActiveCfg = Release|Any CPU
		{86FF9C9C-3912-4349-8B01-C213E1831187}.Release|Any CPU.Build.0 = Release|Any CPU
	EndGlobalSection
	GlobalSection(SolutionProperties) = preSolution
		HideSolutionNode = FALSE
	EndGlobalSection
	GlobalSection(ExtensibilityGlobals) = postSolution
		SolutionGuid = {140898C1-6765-4ED7-8393-297F10A81953}
	EndGlobalSection
EndGlobal
